{
    "_meta": {
        "hash": {
            "sha256": "c5a1a613fb5e6ad4dd4cc61a80c6e53435834a79ab8598ac8e65f937c4932b3b"
        },
        "host-environment-markers": {
            "implementation_name": "cpython",
            "implementation_version": "3.6.0",
            "os_name": "posix",
            "platform_machine": "i686",
            "platform_python_implementation": "CPython",
            "platform_release": "3.11.0-12-generic",
            "platform_system": "Linux",
            "platform_version": "#19-Ubuntu SMP Wed Oct 9 16:12:00 UTC 2013",
            "python_full_version": "3.6.0",
            "python_version": "3.6",
            "sys_platform": "linux"
        },
        "pipfile-spec": 6,
        "requires": {
            "python_version": "3.6"
        },
        "sources": [
            {
                "name": "pypi",
                "url": "https://pypi.python.org/simple",
                "verify_ssl": true
            }
        ]
    },
    "default": {
        "click": {
            "hashes": [
                "sha256:29f99fc6125fbc931b758dc053b3114e55c77a6e4c6c3a2674a2dc986016381d",
                "sha256:f15516df478d5a56180fbf80e68f206010e6d160fc39fa508b65e035fd75130b"
            ],
            "version": "==6.7"
        },
        "ujson": {
            "hashes": [
                "sha256:f66073e5506e91d204ab0c614a148d5aa938bdbf104751be66f8ad7a222f5f86"
            ],
            "version": "==1.35"
        }
    },
    "develop": {}
}
